{
  "version": "2",
  "remote": {
    "https://cdn.skypack.dev/-/http-cache-semantics@v4.1.0-5IkAyzxageW9utYlM9Kq/dist=es2019,mode=imports/optimized/http-cache-semantics.js": "abb90d8731ed016549017a010e198e5075e5ca5308bfe429b7acaa07c3fe7200",
    "https://cdn.skypack.dev/-/tweetnacl@v1.0.3-G4yM3nQ8lnXXlGGQADqJ/dist=es2019,mode=imports/optimized/tweetnacl.js": "d26554516df57e5cb58954e90c633c8871b4e66016b9fe4e07a36db5430bc8c7",
    "https://cdn.skypack.dev/http-cache-semantics?dts": "dc31b1d6078daceb7667ec025de2206541c4f1c8fe480836bbaf9f8f666f9880",
    "https://cdn.skypack.dev/tweetnacl@v1.0.3?dts": "6610aad2ac175c2d575995fc7de8ed552c2e5e05aef80ed8588cf3c6e2db61d7",
    "https://deno.land/std@0.118.0/_util/assert.ts": "2f868145a042a11d5ad0a3c748dcf580add8a0dbc0e876eaa0026303a5488f58",
    "https://deno.land/std@0.118.0/_util/os.ts": "dfb186cc4e968c770ab6cc3288bd65f4871be03b93beecae57d657232ecffcac",
    "https://deno.land/std@0.118.0/path/_constants.ts": "1247fee4a79b70c89f23499691ef169b41b6ccf01887a0abd131009c5581b853",
    "https://deno.land/std@0.118.0/path/_interface.ts": "1fa73b02aaa24867e481a48492b44f2598cd9dfa513c7b34001437007d3642e4",
    "https://deno.land/std@0.118.0/path/_util.ts": "2e06a3b9e79beaf62687196bd4b60a4c391d862cfa007a20fc3a39f778ba073b",
    "https://deno.land/std@0.118.0/path/common.ts": "f41a38a0719a1e85aa11c6ba3bea5e37c15dd009d705bd8873f94c833568cbc4",
    "https://deno.land/std@0.118.0/path/glob.ts": "ea87985765b977cc284b92771003b2070c440e0807c90e1eb0ff3e095911a820",
    "https://deno.land/std@0.118.0/path/mod.ts": "4465dc494f271b02569edbb4a18d727063b5dbd6ed84283ff906260970a15d12",
    "https://deno.land/std@0.118.0/path/posix.ts": "34349174b9cd121625a2810837a82dd8b986bbaaad5ade690d1de75bbb4555b2",
    "https://deno.land/std@0.118.0/path/separator.ts": "8fdcf289b1b76fd726a508f57d3370ca029ae6976fcde5044007f062e643ff1c",
    "https://deno.land/std@0.118.0/path/win32.ts": "11549e8c6df8307a8efcfa47ad7b2a75da743eac7d4c89c9723a944661c8bd2e",
    "https://deno.land/std@0.154.0/_deno_unstable.ts": "4ddb8672d49d58b5bbc4a5a7a2f1b3bce4fd06aa4c8b8476728334391667de7b",
    "https://deno.land/std@0.154.0/async/abortable.ts": "87aa7230be8360c24ad437212311c9e8d4328854baec27b4c7abb26e85515c06",
    "https://deno.land/std@0.154.0/async/deadline.ts": "48ac998d7564969f3e6ec6b6f9bf0217ebd00239b1b2292feba61272d5dd58d0",
    "https://deno.land/std@0.154.0/async/debounce.ts": "de5433bff08a2bb61416fc53b3bd2d5867090c8a815465e5b4a10a77495b1051",
    "https://deno.land/std@0.154.0/async/deferred.ts": "c01de44b9192359cebd3fe93273fcebf9e95110bf3360023917da9a2d1489fae",
    "https://deno.land/std@0.154.0/async/delay.ts": "d5a169caede8e1c5d46b3f25eab97db5fd1ab193fc82a53bafd3642ac42ca3c7",
    "https://deno.land/std@0.154.0/async/mod.ts": "dd0a8ed4f3984ffabe2fcca7c9f466b7932d57b1864ffee148a5d5388316db6b",
    "https://deno.land/std@0.154.0/async/mux_async_iterator.ts": "3447b28a2a582224a3d4d3596bccbba6e85040da3b97ed64012f7decce98d093",
    "https://deno.land/std@0.154.0/async/pool.ts": "ef9eb97b388543acbf0ac32647121e4dbe629236899586c4d4311a8770fbb239",
    "https://deno.land/std@0.154.0/async/tee.ts": "d27680d911816fcb3d231e16d690e7588079e66a9b2e5ce8cc354db94fdce95f",
    "https://deno.land/std@0.154.0/http/http_status.ts": "897575a7d6bc2b9123f6a38ecbc0f03d95a532c5d92029315dc9f508e12526b8",
    "https://deno.land/std@0.154.0/http/server.ts": "e2e16f0b124ffef022ad04797d4250d6e4fc0d9579780999091949b17789dd1a",
    "https://deno.land/std@0.197.0/collections/filter_values.ts": "16e1fc456a7969e770ec5b89edf5ac97b295ca534b47c1a83f061b409aad7814",
    "https://deno.land/std@0.197.0/collections/without_all.ts": "1e3cccb1ed0659455b473c0766d9414b7710d8cef48862c899f445178f66b779",
    "https://deno.land/std@0.197.0/dotenv/mod.ts": "ff7acf1c97ba57af512ecb6f9094fa96e1f63cca1960a7687616fa86bab7e356",
    "https://deno.land/x/discord_api_types@0.37.51/gateway/common.ts": "fb67003adda424df76c2726e0624d709c5a16e3694d6b75facd587d121fe121f",
    "https://deno.land/x/discord_api_types@0.37.51/gateway/v10.ts": "9d9a0bbc57e0159d3c1a4ec4cf6b5b72c1f86db86849e5650628ac0fffa76e9c",
    "https://deno.land/x/discord_api_types@0.37.51/globals.ts": "7d8879654c4741ac071668ad52f2659bcdb66694cfe7da306c8437ec752807a7",
    "https://deno.land/x/discord_api_types@0.37.51/payloads/common.ts": "7c42a7965f38d82d9a425cf732ff0d4d2b5370568168d5fa41f138fd8ab4c693",
    "https://deno.land/x/discord_api_types@0.37.51/payloads/v10/_interactions/_applicationCommands/_chatInput/attachment.ts": "c66dccd54c1b84d073f2e1caa466e551b8045a84a2e8a88a1bfbc7e2c64a703d",
    "https://deno.land/x/discord_api_types@0.37.51/payloads/v10/_interactions/_applicationCommands/_chatInput/base.ts": "f6a2556e14d489e1f0e5ddeb3a0303e2603e25330530dd9263e176013c5f51eb",
    "https://deno.land/x/discord_api_types@0.37.51/payloads/v10/_interactions/_applicationCommands/_chatInput/boolean.ts": "65e29561b61785ca4ede4b1b4a88c5fc0696cfdf1fa74d5197588c196ee7ae98",
    "https://deno.land/x/discord_api_types@0.37.51/payloads/v10/_interactions/_applicationCommands/_chatInput/channel.ts": "73c7fc49de242e1ce3be958375fd810750aed83553ef3860e3cddf858f9eb464",
    "https://deno.land/x/discord_api_types@0.37.51/payloads/v10/_interactions/_applicationCommands/_chatInput/integer.ts": "a25d24a3e54d647c7039b99e3208fc0fc2228d174f6dcc421e93919b8154a011",
    "https://deno.land/x/discord_api_types@0.37.51/payloads/v10/_interactions/_applicationCommands/_chatInput/mentionable.ts": "742e42857465866e0c08b587d7fb5ccd81d4705c61ce4cd6b97ad5692e88e969",
    "https://deno.land/x/discord_api_types@0.37.51/payloads/v10/_interactions/_applicationCommands/_chatInput/number.ts": "be974ea68f5fdf55d7a7f5d3faf48a3193777d432b1aa9087afc204bcb916284",
    "https://deno.land/x/discord_api_types@0.37.51/payloads/v10/_interactions/_applicationCommands/_chatInput/role.ts": "a57114d0f7eeee4ab7cf217a865dd9dbd9096d007c556aec6185d64257100f41",
    "https://deno.land/x/discord_api_types@0.37.51/payloads/v10/_interactions/_applicationCommands/_chatInput/shared.ts": "9e2d3b3530280f6de5f9b6de1bb81e8a905998e058f784a9b041e48a96cd93d2",
    "https://deno.land/x/discord_api_types@0.37.51/payloads/v10/_interactions/_applicationCommands/_chatInput/string.ts": "33ab12dab64544a70729b9b66b5a9790964ea779f05d4ab1a1e190e7c1b59e98",
    "https://deno.land/x/discord_api_types@0.37.51/payloads/v10/_interactions/_applicationCommands/_chatInput/subcommand.ts": "0013737da6d2b54e2f413fbf31cf9c84ea51bd9204b615cb4fd19b420f856cb2",
    "https://deno.land/x/discord_api_types@0.37.51/payloads/v10/_interactions/_applicationCommands/_chatInput/subcommandGroup.ts": "db5cc701bcb3d68c094de409da39c9a2b8834dc0d5038e5f963c96e5eaf412ac",
    "https://deno.land/x/discord_api_types@0.37.51/payloads/v10/_interactions/_applicationCommands/_chatInput/user.ts": "ed2871693744298225ba53ddfb18d3e7afff20a34f413822d5b1193918aea27f",
    "https://deno.land/x/discord_api_types@0.37.51/payloads/v10/_interactions/_applicationCommands/chatInput.ts": "46362da4e56c99cc69331481330d6e95c31d5e46f4cc36ec23f03cafbb687d52",
    "https://deno.land/x/discord_api_types@0.37.51/payloads/v10/_interactions/_applicationCommands/contextMenu.ts": "89aed5f05f75d482e40259f55d0172143a90c1980d060d16545bdc14b68b29c4",
    "https://deno.land/x/discord_api_types@0.37.51/payloads/v10/_interactions/_applicationCommands/permissions.ts": "ddca14b62e6afd418c1417117ffcc7cfb2ea5e5cc5353b4a0598435bdea45fb5",
    "https://deno.land/x/discord_api_types@0.37.51/payloads/v10/_interactions/applicationCommands.ts": "b0646f2930d38113389bd1ecf8c605ac5af8fc40f93fafd17f968150419fac14",
    "https://deno.land/x/discord_api_types@0.37.51/payloads/v10/_interactions/autocomplete.ts": "821ae50ff9845cac4b03169dbd4c4b187d8399765eb1f0d658d477c68e4c6136",
    "https://deno.land/x/discord_api_types@0.37.51/payloads/v10/_interactions/base.ts": "c839d953bf7f7912aa7202e7586d65aafb7f90d22aedd21a13586295c62f2bdf",
    "https://deno.land/x/discord_api_types@0.37.51/payloads/v10/_interactions/messageComponents.ts": "08faa77d1c1d9a33359a962b78b695304e27cb6435af319b41e9a9d3b395adb2",
    "https://deno.land/x/discord_api_types@0.37.51/payloads/v10/_interactions/modalSubmit.ts": "3a02d2d7df5bcdb1ffcd089f15e0d82ab65dcc0cefa904c6e0621f46edac041e",
    "https://deno.land/x/discord_api_types@0.37.51/payloads/v10/_interactions/ping.ts": "096ce582e9af373649fd5355cccd7424adceaffb73367b5301f1594ef5a3c264",
    "https://deno.land/x/discord_api_types@0.37.51/payloads/v10/_interactions/responses.ts": "0a607a78dd08a498c3b523a922c51ec9465021d98b3a21b7c7551524d49d70ce",
    "https://deno.land/x/discord_api_types@0.37.51/payloads/v10/application.ts": "69e8470289fcde7ec1483600540085e402a11b21cfeab2191db23dd387452ee7",
    "https://deno.land/x/discord_api_types@0.37.51/payloads/v10/auditLog.ts": "bee4a1333028c970265255c713378570cc92e92962654af68cff1125d4ea596b",
    "https://deno.land/x/discord_api_types@0.37.51/payloads/v10/autoModeration.ts": "9ccb4408f1c6392d9619fac159997e08e660080b3f9567a1619163a40329e3a2",
    "https://deno.land/x/discord_api_types@0.37.51/payloads/v10/channel.ts": "cb41960857b663ad65027889caddc911bf7c448a6f41ac037b8cb551e36a2190",
    "https://deno.land/x/discord_api_types@0.37.51/payloads/v10/emoji.ts": "b9a30b16e1ec4dc15d6149e59aa48b02ad57a51335b7be5a7f5368db0491b3dd",
    "https://deno.land/x/discord_api_types@0.37.51/payloads/v10/gateway.ts": "e2375d4da7c2c61dff55527bbc4e00a9f243d07c51d1ee63bfd469cffca9e9a5",
    "https://deno.land/x/discord_api_types@0.37.51/payloads/v10/guild.ts": "536ce0d73d055290855febb556d6ffcc3308f5824887879d28f49d0e4a676fa6",
    "https://deno.land/x/discord_api_types@0.37.51/payloads/v10/guildScheduledEvent.ts": "bf506b7807501b71077751ec793e719c5515e1bb405dec5cc4371a61b03cf8b9",
    "https://deno.land/x/discord_api_types@0.37.51/payloads/v10/interactions.ts": "17dabe94016dad3d0d7fdc0aa812bf5b0b366465dd72cd0b01168880778cc60d",
    "https://deno.land/x/discord_api_types@0.37.51/payloads/v10/invite.ts": "92c09f549482a4e2ad5a3c1062debfb262c6fe4b6740581175a0b8108873ab01",
    "https://deno.land/x/discord_api_types@0.37.51/payloads/v10/mod.ts": "733090e3f67bb812dc0a3986d476e62483e88dfa0ce362d048a669b54b94c625",
    "https://deno.land/x/discord_api_types@0.37.51/payloads/v10/oauth2.ts": "dfb9f09fb44bf5faaa73ad4488ebe408905907d5fd46404895317f4e7c378489",
    "https://deno.land/x/discord_api_types@0.37.51/payloads/v10/permissions.ts": "bf185ff286a02a3e583fd938c54273233cd62ff2f646c0e3666189a7139f8a9c",
    "https://deno.land/x/discord_api_types@0.37.51/payloads/v10/stageInstance.ts": "f0b9ee8c24c67298086fa32cb0595f6c29710d81b6fe85b958d48e6c549c4cb8",
    "https://deno.land/x/discord_api_types@0.37.51/payloads/v10/sticker.ts": "a917cbd294fe78dabe8414a86bdb3829491aad809b30896d7c205bd8a1c77909",
    "https://deno.land/x/discord_api_types@0.37.51/payloads/v10/teams.ts": "908ffbcb2389fdd50181e51c3147453d51a0f5c5490f3124161f904b7c240f73",
    "https://deno.land/x/discord_api_types@0.37.51/payloads/v10/template.ts": "c6bee171ed0ce61fc8b59de42541a023bdcde62718deb42325397e5c82efdc27",
    "https://deno.land/x/discord_api_types@0.37.51/payloads/v10/user.ts": "59706244399f29512688c0813ec7dbaabd2fd5f583471564ff513e87213d2d13",
    "https://deno.land/x/discord_api_types@0.37.51/payloads/v10/voice.ts": "62d03a540f2e78e5f3989f71a0ee1ec682ef7306a4fa096f89118cbd82351d47",
    "https://deno.land/x/discord_api_types@0.37.51/payloads/v10/webhook.ts": "7fc370f40a84f12a6e57ddda7cf2814f15039d6320b46979db0b49d5b91e303b",
    "https://deno.land/x/discord_api_types@0.37.51/rest/common.ts": "0bfbcf97482fe86daeb68c57885bd04a7d6504ba9037f7e533ea466825afd051",
    "https://deno.land/x/discord_api_types@0.37.51/rest/v10/application.ts": "5b44ce90cf739aac76e2f01c15a3d4a03724703695235aec4f800fdd08782ec0",
    "https://deno.land/x/discord_api_types@0.37.51/rest/v10/auditLog.ts": "39a0914b6c51445023d82c3e3e66c9866cbb3cb6774d3e7eac63414ea9bcbfec",
    "https://deno.land/x/discord_api_types@0.37.51/rest/v10/autoModeration.ts": "3d388fd9a91c34f04b5e3e1b6ffe12029fb48b511f37ff88042325ec6cbc6605",
    "https://deno.land/x/discord_api_types@0.37.51/rest/v10/channel.ts": "ac35c43ca5805325efe958e372c908bc09e2dd9d9dcdef97a76ad2f1bcf409a5",
    "https://deno.land/x/discord_api_types@0.37.51/rest/v10/emoji.ts": "9f694a1bd63886c62a87b4320f3bfa5d4f534b2d87c317d77d572d10522df3aa",
    "https://deno.land/x/discord_api_types@0.37.51/rest/v10/gateway.ts": "747cb95c9a8bca4e52423c780d5fc492fb0dab2b6015cd7e51e890e8d51acf29",
    "https://deno.land/x/discord_api_types@0.37.51/rest/v10/guild.ts": "ba51e20983b4b10e7ddd4472b44c03eefbaf0def9f1d99a87f5a1f04950c10a2",
    "https://deno.land/x/discord_api_types@0.37.51/rest/v10/guildScheduledEvent.ts": "29d361f395d8cd1ecb47550615d19e10793d513cc5ad8d32895da2cc9cd0fd89",
    "https://deno.land/x/discord_api_types@0.37.51/rest/v10/interactions.ts": "2b6decdfff921b6aa8f0e6e5c61d38469a0178c5ecf1a18dd17ad6738143e662",
    "https://deno.land/x/discord_api_types@0.37.51/rest/v10/invite.ts": "28f8e740bdaa782c9d9d504049323762b5c1180348019dc5f9e0a900ec11213e",
    "https://deno.land/x/discord_api_types@0.37.51/rest/v10/mod.ts": "c926a288b4a911857e1c5a5b98c3763bf55f86cef2ae70a903a3ae6dd08229ff",
    "https://deno.land/x/discord_api_types@0.37.51/rest/v10/oauth2.ts": "b659a35654c17767480d142c46c36f5fe2544346875745e3f654c5e7c3d9f3f9",
    "https://deno.land/x/discord_api_types@0.37.51/rest/v10/stageInstance.ts": "d5d96446a0275860f136d40546bf0519d5d8d4171d03058598559df095dbf899",
    "https://deno.land/x/discord_api_types@0.37.51/rest/v10/sticker.ts": "656aae6b4263a602524098bcb09ad503a51dc09310165a575340e55d5a9c06cb",
    "https://deno.land/x/discord_api_types@0.37.51/rest/v10/template.ts": "0ad41c3c85571d3c5b0bec3914c678a21f376ec162ef0d3f1f7731a8d1d1009c",
    "https://deno.land/x/discord_api_types@0.37.51/rest/v10/user.ts": "60cfa227426c791021e9e8f769287e997477e722db5a3c577a9ec54078aaffca",
    "https://deno.land/x/discord_api_types@0.37.51/rest/v10/voice.ts": "cdbe9d6c39c8f44635d8632bf62a95b8c15877b92c56ddf69df2072bb1a74edc",
    "https://deno.land/x/discord_api_types@0.37.51/rest/v10/webhook.ts": "8d6b5eed9f46d803a8e32ed6db275fc788e65dedaf67b38ea66b675eee16a9a2",
    "https://deno.land/x/discord_api_types@0.37.51/rpc/common.ts": "a693352ffd86ae9e995fb3fbfbfd2be30896257ecb83c5611050f060b08de4ef",
    "https://deno.land/x/discord_api_types@0.37.51/rpc/v10.ts": "fbaad9f3d73fce88e76b0e52ad5345093f18077e4293937c9ec0ee24415b9a93",
    "https://deno.land/x/discord_api_types@0.37.51/utils/v10.ts": "056bd036f8c65365ff28eb63ec6897811d51921cca6d068392dd1ca5b397ae62",
    "https://deno.land/x/discord_api_types@0.37.51/v10.ts": "f3f23492c59e77859aba5b34431edf3668c37f722d7f70c2e1ef7ba4bcda3010",
    "https://deno.land/x/httpcache@0.1.2/in_memory.ts": "9f7d2d1600f64934c45493bf300475f3edef8ca540da60f308bda32d30de849e",
    "https://deno.land/x/httpcache@0.1.2/mod.ts": "1247683a7e4f573759afb47709b2b5cd954986cfc4882ed7cc3a21b0e959be58",
    "https://deno.land/x/lru@1.0.2/mod.ts": "1d44b87c4d40ff33749ae5fd85fe234344e0dace835fdfeb48413edea9461159",
    "https://deno.land/x/media_types@v2.11.1/db.ts": "1eac2b1b57195e41d7e40d7b236a3adeb93b4fa18084b4c9db49144fe685c78d",
    "https://deno.land/x/media_types@v2.11.1/mod.ts": "1be09ec3626332f9fe52a8a9ede852bb76d2207f84bec1f1b16c10555478008f",
    "https://deno.land/x/sift@0.6.0/mod.ts": "d156582201226616af9c27cf93ee06610fc907700dcc09802e3741d2b14042bd",
    "https://esm.sh/markdown-table@3.0.3": "3f9f8b7dc8c99fa6b3539fccd08d6c653de6b0a93efbfbac279f32eff91b3b17",
    "https://esm.sh/preact-render-to-string@5.2.4?target=deno": "5b34badac059831e3514940de31c0a7f55daba28e497f97af6b130277c2b0e60",
    "https://esm.sh/preact@10.10.6?target=deno": "3797eacd827278d2601acc8c9da07da1df226113a5e0f5ff54055ffb9dcf4bf4",
    "https://esm.sh/stable/preact@10.10.6/deno/preact.js": "e0d155b4926e5b1f4dce9b9efea9f8c65edb7587b3b7a4ebd5d339474cf61e20",
    "https://esm.sh/stable/preact@10.11.3/deno/preact.js": "d17d6b3217ccb0352f68bbd47930aa25d260c1a544f45bcbcf4cd1ded9d630bb",
    "https://esm.sh/v130/markdown-table@3.0.3/denonext/markdown-table.mjs": "1dd9cb2d2d95fc440cc10489ac77bf979c944e76070997d962e05f627f45df0e",
    "https://esm.sh/v99/preact-render-to-string@5.2.4/deno/preact-render-to-string.js": "9ad4f16284c6c7e1b4d24e0f339b519c3807db3cc333ac1b5d3e2b1bff799d40"
  }
}
