{
  "version": "5",
  "specifiers": {
    "jsr:@std/assert@^1.0.17": "1.0.19",
    "jsr:@std/assert@^1.0.2": "1.0.19",
    "jsr:@std/collections@^1.0.5": "1.1.6",
    "jsr:@std/dotenv@0.225": "0.225.6",
    "jsr:@std/fs@^1.0.22": "1.0.23",
    "jsr:@std/internal@^1.0.12": "1.0.12",
    "jsr:@std/path@^1.1.4": "1.1.4",
    "jsr:@std/testing@1": "1.0.17"
  },
  "jsr": {
    "@std/assert@1.0.19": {
      "integrity": "eaada96ee120cb980bc47e040f82814d786fe8162ecc53c91d8df60b8755991e",
      "dependencies": [
        "jsr:@std/internal"
      ]
    },
    "@std/collections@1.1.6": {
      "integrity": "b458160ce65ea5ad35da05d0a5cbee4b583677c8b443a10d7beb0c4ac63f2baa"
    },
    "@std/dotenv@0.225.6": {
      "integrity": "1d6f9db72f565bd26790fa034c26e45ecb260b5245417be76c2279e5734c421b"
    },
    "@std/fs@1.0.23": {
      "integrity": "3ecbae4ce4fee03b180fa710caff36bb5adb66631c46a6460aaad49515565a37",
      "dependencies": [
        "jsr:@std/path"
      ]
    },
    "@std/internal@1.0.12": {
      "integrity": "972a634fd5bc34b242024402972cd5143eac68d8dffaca5eaa4dba30ce17b027"
    },
    "@std/path@1.1.4": {
      "integrity": "1d2d43f39efb1b42f0b1882a25486647cb851481862dc7313390b2bb044314b5",
      "dependencies": [
        "jsr:@std/internal"
      ]
    },
    "@std/testing@1.0.17": {
      "integrity": "87bdc2700fa98249d48a17cd72413352d3d3680dcfbdb64947fd0982d6bbf681",
      "dependencies": [
        "jsr:@std/assert@^1.0.17",
        "jsr:@std/fs",
        "jsr:@std/internal",
        "jsr:@std/path"
      ]
    }
  },
  "redirects": {
    "https://esm.sh/@types/number-to-words@~1.2.3/index.d.ts": "https://esm.sh/@types/number-to-words@1.2.3/index.d.ts",
    "https://esm.sh/normalize-strings@^1.1.0?target=denonext": "https://esm.sh/normalize-strings@1.1.1?target=denonext",
    "https://esm.sh/number-to-words@^1.2.4?target=denonext": "https://esm.sh/number-to-words@1.2.4?target=denonext",
    "https://esm.sh/pluralize@^8.0.0?target=denonext": "https://esm.sh/pluralize@8.0.0?target=denonext",
    "https://esm.sh/preact@%3E=10?target=deno": "https://esm.sh/preact@10.29.0?target=deno",
    "https://esm.sh/syllable@^5.0.0?target=denonext": "https://esm.sh/syllable@5.0.1?target=denonext"
  },
  "remote": {
    "https://cdn.skypack.dev/-/http-cache-semantics@v4.2.0-ayuitodc3NV7l3LbWgow/dist=es2019,mode=imports/optimized/http-cache-semantics.js": "5f802d4772ba7f919ebcce41d2b1f3d811f366f08397e30adccee15ff34b379b",
    "https://cdn.skypack.dev/-/tweetnacl@v1.0.3-G4yM3nQ8lnXXlGGQADqJ/dist=es2019,mode=imports/optimized/tweetnacl.js": "d26554516df57e5cb58954e90c633c8871b4e66016b9fe4e07a36db5430bc8c7",
    "https://cdn.skypack.dev/http-cache-semantics?dts": "5690b9a5ba7c641515a9c74ea28b858098844a841e7d32defb85d01da9c88249",
    "https://cdn.skypack.dev/tweetnacl@v1.0.3?dts": "6610aad2ac175c2d575995fc7de8ed552c2e5e05aef80ed8588cf3c6e2db61d7",
    "https://deno.land/std@0.118.0/_util/assert.ts": "2f868145a042a11d5ad0a3c748dcf580add8a0dbc0e876eaa0026303a5488f58",
    "https://deno.land/std@0.118.0/_util/os.ts": "dfb186cc4e968c770ab6cc3288bd65f4871be03b93beecae57d657232ecffcac",
    "https://deno.land/std@0.118.0/path/_constants.ts": "1247fee4a79b70c89f23499691ef169b41b6ccf01887a0abd131009c5581b853",
    "https://deno.land/std@0.118.0/path/_interface.ts": "1fa73b02aaa24867e481a48492b44f2598cd9dfa513c7b34001437007d3642e4",
    "https://deno.land/std@0.118.0/path/_util.ts": "2e06a3b9e79beaf62687196bd4b60a4c391d862cfa007a20fc3a39f778ba073b",
    "https://deno.land/std@0.118.0/path/common.ts": "f41a38a0719a1e85aa11c6ba3bea5e37c15dd009d705bd8873f94c833568cbc4",
    "https://deno.land/std@0.118.0/path/glob.ts": "ea87985765b977cc284b92771003b2070c440e0807c90e1eb0ff3e095911a820",
    "https://deno.land/std@0.118.0/path/mod.ts": "4465dc494f271b02569edbb4a18d727063b5dbd6ed84283ff906260970a15d12",
    "https://deno.land/std@0.118.0/path/posix.ts": "34349174b9cd121625a2810837a82dd8b986bbaaad5ade690d1de75bbb4555b2",
    "https://deno.land/std@0.118.0/path/separator.ts": "8fdcf289b1b76fd726a508f57d3370ca029ae6976fcde5044007f062e643ff1c",
    "https://deno.land/std@0.118.0/path/win32.ts": "11549e8c6df8307a8efcfa47ad7b2a75da743eac7d4c89c9723a944661c8bd2e",
    "https://deno.land/std@0.154.0/_deno_unstable.ts": "4ddb8672d49d58b5bbc4a5a7a2f1b3bce4fd06aa4c8b8476728334391667de7b",
    "https://deno.land/std@0.154.0/async/abortable.ts": "87aa7230be8360c24ad437212311c9e8d4328854baec27b4c7abb26e85515c06",
    "https://deno.land/std@0.154.0/async/deadline.ts": "48ac998d7564969f3e6ec6b6f9bf0217ebd00239b1b2292feba61272d5dd58d0",
    "https://deno.land/std@0.154.0/async/debounce.ts": "de5433bff08a2bb61416fc53b3bd2d5867090c8a815465e5b4a10a77495b1051",
    "https://deno.land/std@0.154.0/async/deferred.ts": "c01de44b9192359cebd3fe93273fcebf9e95110bf3360023917da9a2d1489fae",
    "https://deno.land/std@0.154.0/async/delay.ts": "d5a169caede8e1c5d46b3f25eab97db5fd1ab193fc82a53bafd3642ac42ca3c7",
    "https://deno.land/std@0.154.0/async/mod.ts": "dd0a8ed4f3984ffabe2fcca7c9f466b7932d57b1864ffee148a5d5388316db6b",
    "https://deno.land/std@0.154.0/async/mux_async_iterator.ts": "3447b28a2a582224a3d4d3596bccbba6e85040da3b97ed64012f7decce98d093",
    "https://deno.land/std@0.154.0/async/pool.ts": "ef9eb97b388543acbf0ac32647121e4dbe629236899586c4d4311a8770fbb239",
    "https://deno.land/std@0.154.0/async/tee.ts": "d27680d911816fcb3d231e16d690e7588079e66a9b2e5ce8cc354db94fdce95f",
    "https://deno.land/std@0.154.0/http/http_status.ts": "897575a7d6bc2b9123f6a38ecbc0f03d95a532c5d92029315dc9f508e12526b8",
    "https://deno.land/std@0.154.0/http/server.ts": "e2e16f0b124ffef022ad04797d4250d6e4fc0d9579780999091949b17789dd1a",
    "https://deno.land/x/discord_api_types@0.37.93/gateway/common.ts": "c568382f2e1a8bdf5c5d37b622c32ad5428b70ea9eb6abef40914ce4e4de56a0",
    "https://deno.land/x/discord_api_types@0.37.93/gateway/v10.ts": "c01cc6fcf08840cfb352b4596c3adb835e616ad6ddedd683a4eb56f71658cd12",
    "https://deno.land/x/discord_api_types@0.37.93/globals.ts": "7d8879654c4741ac071668ad52f2659bcdb66694cfe7da306c8437ec752807a7",
    "https://deno.land/x/discord_api_types@0.37.93/payloads/common.ts": "21ab88b2222627c8cc9817d36ffd5679db87de65f21172a9d271f93ab3a34d69",
    "https://deno.land/x/discord_api_types@0.37.93/payloads/v10/_interactions/_applicationCommands/_chatInput/attachment.ts": "c66dccd54c1b84d073f2e1caa466e551b8045a84a2e8a88a1bfbc7e2c64a703d",
    "https://deno.land/x/discord_api_types@0.37.93/payloads/v10/_interactions/_applicationCommands/_chatInput/base.ts": "f6a2556e14d489e1f0e5ddeb3a0303e2603e25330530dd9263e176013c5f51eb",
    "https://deno.land/x/discord_api_types@0.37.93/payloads/v10/_interactions/_applicationCommands/_chatInput/boolean.ts": "65e29561b61785ca4ede4b1b4a88c5fc0696cfdf1fa74d5197588c196ee7ae98",
    "https://deno.land/x/discord_api_types@0.37.93/payloads/v10/_interactions/_applicationCommands/_chatInput/channel.ts": "73c7fc49de242e1ce3be958375fd810750aed83553ef3860e3cddf858f9eb464",
    "https://deno.land/x/discord_api_types@0.37.93/payloads/v10/_interactions/_applicationCommands/_chatInput/integer.ts": "a25d24a3e54d647c7039b99e3208fc0fc2228d174f6dcc421e93919b8154a011",
    "https://deno.land/x/discord_api_types@0.37.93/payloads/v10/_interactions/_applicationCommands/_chatInput/mentionable.ts": "742e42857465866e0c08b587d7fb5ccd81d4705c61ce4cd6b97ad5692e88e969",
    "https://deno.land/x/discord_api_types@0.37.93/payloads/v10/_interactions/_applicationCommands/_chatInput/number.ts": "be974ea68f5fdf55d7a7f5d3faf48a3193777d432b1aa9087afc204bcb916284",
    "https://deno.land/x/discord_api_types@0.37.93/payloads/v10/_interactions/_applicationCommands/_chatInput/role.ts": "a57114d0f7eeee4ab7cf217a865dd9dbd9096d007c556aec6185d64257100f41",
    "https://deno.land/x/discord_api_types@0.37.93/payloads/v10/_interactions/_applicationCommands/_chatInput/shared.ts": "de4aee14f9cd21e8dbff6c523cb90be9f4273893347fef00930919a976f598b6",
    "https://deno.land/x/discord_api_types@0.37.93/payloads/v10/_interactions/_applicationCommands/_chatInput/string.ts": "33ab12dab64544a70729b9b66b5a9790964ea779f05d4ab1a1e190e7c1b59e98",
    "https://deno.land/x/discord_api_types@0.37.93/payloads/v10/_interactions/_applicationCommands/_chatInput/subcommand.ts": "0013737da6d2b54e2f413fbf31cf9c84ea51bd9204b615cb4fd19b420f856cb2",
    "https://deno.land/x/discord_api_types@0.37.93/payloads/v10/_interactions/_applicationCommands/_chatInput/subcommandGroup.ts": "db5cc701bcb3d68c094de409da39c9a2b8834dc0d5038e5f963c96e5eaf412ac",
    "https://deno.land/x/discord_api_types@0.37.93/payloads/v10/_interactions/_applicationCommands/_chatInput/user.ts": "ed2871693744298225ba53ddfb18d3e7afff20a34f413822d5b1193918aea27f",
    "https://deno.land/x/discord_api_types@0.37.93/payloads/v10/_interactions/_applicationCommands/chatInput.ts": "1f88245356202857d7a38d21af8ea1c96a65d7da5563734e5ea4af67ba51d1ae",
    "https://deno.land/x/discord_api_types@0.37.93/payloads/v10/_interactions/_applicationCommands/contextMenu.ts": "e40500fa8c61f624575a789516e12d6219ce5299fa88da657963c97772ac00df",
    "https://deno.land/x/discord_api_types@0.37.93/payloads/v10/_interactions/_applicationCommands/internals.ts": "5eb5ea13a1247c73c0611886dea09ab8d632a9c5555ff0f33d44cd379fd75a08",
    "https://deno.land/x/discord_api_types@0.37.93/payloads/v10/_interactions/_applicationCommands/permissions.ts": "5af8dd6bac57e87d1339ab5e1c7465aab5c4e4f4aeac7a4808ff2cc3d1a315fc",
    "https://deno.land/x/discord_api_types@0.37.93/payloads/v10/_interactions/applicationCommands.ts": "5922f5903179a2c05edd5729aca92f82f0fe9c8ecdccc0a621059341914e1cee",
    "https://deno.land/x/discord_api_types@0.37.93/payloads/v10/_interactions/autocomplete.ts": "821ae50ff9845cac4b03169dbd4c4b187d8399765eb1f0d658d477c68e4c6136",
    "https://deno.land/x/discord_api_types@0.37.93/payloads/v10/_interactions/base.ts": "0758bc46880dd95ff132c40022c3978e54d27c33ef95bacec3a6dc8423d0ebb1",
    "https://deno.land/x/discord_api_types@0.37.93/payloads/v10/_interactions/messageComponents.ts": "9248c572492a5ea11a05c4f8f58c99f94b41425794b1133d5dd389127197eabf",
    "https://deno.land/x/discord_api_types@0.37.93/payloads/v10/_interactions/modalSubmit.ts": "3a02d2d7df5bcdb1ffcd089f15e0d82ab65dcc0cefa904c6e0621f46edac041e",
    "https://deno.land/x/discord_api_types@0.37.93/payloads/v10/_interactions/ping.ts": "096ce582e9af373649fd5355cccd7424adceaffb73367b5301f1594ef5a3c264",
    "https://deno.land/x/discord_api_types@0.37.93/payloads/v10/_interactions/responses.ts": "3f4d90ac0d1f8384f048a6c39472eecdaf71a187abdefd149794abcdc422be55",
    "https://deno.land/x/discord_api_types@0.37.93/payloads/v10/application.ts": "71a01c10a6459dfe7f8e2a2130e10934857ba1fbf7c2353a2b2d78cf6a85eefe",
    "https://deno.land/x/discord_api_types@0.37.93/payloads/v10/auditLog.ts": "0feac5ec3233170766ba471fac719931ff97b86a1edcab3252999c07be4b2a1a",
    "https://deno.land/x/discord_api_types@0.37.93/payloads/v10/autoModeration.ts": "4a30b87b4642fad14fc5929a086bbbbba0083eade4b9a94519984e2302c3b8fc",
    "https://deno.land/x/discord_api_types@0.37.93/payloads/v10/channel.ts": "e5432ac49af95caab6cd1eddee5256a80ead3e27375514ead8fb04f2fabe5348",
    "https://deno.land/x/discord_api_types@0.37.93/payloads/v10/emoji.ts": "b9a30b16e1ec4dc15d6149e59aa48b02ad57a51335b7be5a7f5368db0491b3dd",
    "https://deno.land/x/discord_api_types@0.37.93/payloads/v10/gateway.ts": "a00dd57a6756a98a024502d76381b57a66321b4d91d663de14e325e5ff21ae48",
    "https://deno.land/x/discord_api_types@0.37.93/payloads/v10/guild.ts": "62b337c0aaeae8efc01ed611574335feded7af01a7fb62599824cdce2faae71f",
    "https://deno.land/x/discord_api_types@0.37.93/payloads/v10/guildScheduledEvent.ts": "16073e6dc7193eac59d6de79c1ab1070daf02b9466dccc866100cb7a3780be59",
    "https://deno.land/x/discord_api_types@0.37.93/payloads/v10/interactions.ts": "d2c31c147ec49663dc26c314eb2e764537dbf7f2f82eb1e659ae4dea9609ba41",
    "https://deno.land/x/discord_api_types@0.37.93/payloads/v10/invite.ts": "aa2ef8af8aa3087c7869e53c390ad53e072253611849bce923bb18ea42448b0e",
    "https://deno.land/x/discord_api_types@0.37.93/payloads/v10/mod.ts": "4300a57e791b6820a3ecb4e46b33dd30dacc203d2cd59df4b3ce2e8f526a0dc9",
    "https://deno.land/x/discord_api_types@0.37.93/payloads/v10/monetization.ts": "17fc1f7e2a245e2c4248f1920a97a441d9a3a33bc2749af4ee85ed5cd2024056",
    "https://deno.land/x/discord_api_types@0.37.93/payloads/v10/oauth2.ts": "dfb9f09fb44bf5faaa73ad4488ebe408905907d5fd46404895317f4e7c378489",
    "https://deno.land/x/discord_api_types@0.37.93/payloads/v10/permissions.ts": "5e7990e6dad3e35f8c130dc52de4bbf63afe5d6ad98e1c56b09da3ead94ad5a4",
    "https://deno.land/x/discord_api_types@0.37.93/payloads/v10/poll.ts": "0aa18bf0990b5b321f93e7f4eec69ee91c7494c1ed70810568587d86ad4065f3",
    "https://deno.land/x/discord_api_types@0.37.93/payloads/v10/stageInstance.ts": "0f7ebce1aba67578f178a7c2aba783b4ec0e639c99d0a353888d678a92685c5c",
    "https://deno.land/x/discord_api_types@0.37.93/payloads/v10/sticker.ts": "6afaf40e19632cad9e3935477ab7d77a163a5d7419f6fdcc122d4762982513ec",
    "https://deno.land/x/discord_api_types@0.37.93/payloads/v10/teams.ts": "101044d8c48a3cbabb60048eff9f69588bdd1ea84d1825de0372b4e23ad7ccbe",
    "https://deno.land/x/discord_api_types@0.37.93/payloads/v10/template.ts": "c6bee171ed0ce61fc8b59de42541a023bdcde62718deb42325397e5c82efdc27",
    "https://deno.land/x/discord_api_types@0.37.93/payloads/v10/user.ts": "4f496ed5f847b98a2a0814f9893d4847be291cd90152f7bde9b98b0b2c79c01d",
    "https://deno.land/x/discord_api_types@0.37.93/payloads/v10/voice.ts": "62d03a540f2e78e5f3989f71a0ee1ec682ef7306a4fa096f89118cbd82351d47",
    "https://deno.land/x/discord_api_types@0.37.93/payloads/v10/webhook.ts": "7fc370f40a84f12a6e57ddda7cf2814f15039d6320b46979db0b49d5b91e303b",
    "https://deno.land/x/discord_api_types@0.37.93/rest/common.ts": "953624f9e481ed90f557c8022036cecc803f27335cf7eb0b99654ce8e6f7a997",
    "https://deno.land/x/discord_api_types@0.37.93/rest/v10/application.ts": "c20d4766bea01eb6b584a52e577f5a1ba78498e2fd28edbad3b20298c8130774",
    "https://deno.land/x/discord_api_types@0.37.93/rest/v10/auditLog.ts": "39a0914b6c51445023d82c3e3e66c9866cbb3cb6774d3e7eac63414ea9bcbfec",
    "https://deno.land/x/discord_api_types@0.37.93/rest/v10/autoModeration.ts": "3d388fd9a91c34f04b5e3e1b6ffe12029fb48b511f37ff88042325ec6cbc6605",
    "https://deno.land/x/discord_api_types@0.37.93/rest/v10/channel.ts": "8768b5d921d49f53b0430725a7564c129b3be58dc4832b58e791bc98f380ba04",
    "https://deno.land/x/discord_api_types@0.37.93/rest/v10/emoji.ts": "ac31799306b2cbf5cabf6465198747c7f013d40a46ba7abef241cb798e85946f",
    "https://deno.land/x/discord_api_types@0.37.93/rest/v10/gateway.ts": "747cb95c9a8bca4e52423c780d5fc492fb0dab2b6015cd7e51e890e8d51acf29",
    "https://deno.land/x/discord_api_types@0.37.93/rest/v10/guild.ts": "e6e28477a878897454b02dfa40ba86f30647c54e2a07fa6ddea093f55d438769",
    "https://deno.land/x/discord_api_types@0.37.93/rest/v10/guildScheduledEvent.ts": "29d361f395d8cd1ecb47550615d19e10793d513cc5ad8d32895da2cc9cd0fd89",
    "https://deno.land/x/discord_api_types@0.37.93/rest/v10/interactions.ts": "1cad44445af98f6e5e5e12796c1c3f72a5d10a3c7d3984cbcae98bcc8fb6a834",
    "https://deno.land/x/discord_api_types@0.37.93/rest/v10/invite.ts": "28f8e740bdaa782c9d9d504049323762b5c1180348019dc5f9e0a900ec11213e",
    "https://deno.land/x/discord_api_types@0.37.93/rest/v10/mod.ts": "b5a1a3fefa80d1f216ae58dd2b2b30f9cc3a486d0d962968c44519ab631ecbd9",
    "https://deno.land/x/discord_api_types@0.37.93/rest/v10/monetization.ts": "5517c5a4c58963ad9f4b5d5ab6f8d93402db2566a3996c4f92d8e90599039fab",
    "https://deno.land/x/discord_api_types@0.37.93/rest/v10/oauth2.ts": "72c27a1d44d4e5dff8ae10619989ad8786a783b477d7f84b9bebfbdd75481006",
    "https://deno.land/x/discord_api_types@0.37.93/rest/v10/poll.ts": "840f469608d21da13ad30e42a0a0ddc87c21bf046fb064897803a4e54e14a08a",
    "https://deno.land/x/discord_api_types@0.37.93/rest/v10/stageInstance.ts": "a090ff8b54f77188323af5d06cdef9c42738edf9a9b0eba8aad3c89d5ac5569f",
    "https://deno.land/x/discord_api_types@0.37.93/rest/v10/sticker.ts": "1f7f2729308a0ec1fe373b5df7ac71bafc200132f1a06df7e75bf5ce1d1069c1",
    "https://deno.land/x/discord_api_types@0.37.93/rest/v10/template.ts": "0ad41c3c85571d3c5b0bec3914c678a21f376ec162ef0d3f1f7731a8d1d1009c",
    "https://deno.land/x/discord_api_types@0.37.93/rest/v10/user.ts": "05dd9cfd3dd85eaca1bbad10b82dd9bc8d5a0b142233811f212e895c74c63b03",
    "https://deno.land/x/discord_api_types@0.37.93/rest/v10/voice.ts": "cdbe9d6c39c8f44635d8632bf62a95b8c15877b92c56ddf69df2072bb1a74edc",
    "https://deno.land/x/discord_api_types@0.37.93/rest/v10/webhook.ts": "462dcca7537a8a30af46afac0533394740c9a9365067ac1715915fc1fca999f9",
    "https://deno.land/x/discord_api_types@0.37.93/rpc/common.ts": "a693352ffd86ae9e995fb3fbfbfd2be30896257ecb83c5611050f060b08de4ef",
    "https://deno.land/x/discord_api_types@0.37.93/rpc/v10.ts": "fbaad9f3d73fce88e76b0e52ad5345093f18077e4293937c9ec0ee24415b9a93",
    "https://deno.land/x/discord_api_types@0.37.93/utils/internals.ts": "f0f9059a742d3a65b31077f0373b68921b0c2314985e8287cfd8fbb59a19f101",
    "https://deno.land/x/discord_api_types@0.37.93/utils/v10.ts": "2bf6a001a02e9958d1da37df412c11b04cd6ae2a6df6cfbae6c051088c37474b",
    "https://deno.land/x/discord_api_types@0.37.93/v10.ts": "f3f23492c59e77859aba5b34431edf3668c37f722d7f70c2e1ef7ba4bcda3010",
    "https://deno.land/x/httpcache@0.1.2/in_memory.ts": "9f7d2d1600f64934c45493bf300475f3edef8ca540da60f308bda32d30de849e",
    "https://deno.land/x/httpcache@0.1.2/mod.ts": "1247683a7e4f573759afb47709b2b5cd954986cfc4882ed7cc3a21b0e959be58",
    "https://deno.land/x/lru@1.0.2/mod.ts": "1d44b87c4d40ff33749ae5fd85fe234344e0dace835fdfeb48413edea9461159",
    "https://deno.land/x/media_types@v2.11.1/db.ts": "1eac2b1b57195e41d7e40d7b236a3adeb93b4fa18084b4c9db49144fe685c78d",
    "https://deno.land/x/media_types@v2.11.1/mod.ts": "1be09ec3626332f9fe52a8a9ede852bb76d2207f84bec1f1b16c10555478008f",
    "https://deno.land/x/openai@v4.53.0/_shims/MultipartBody.ts": "fe06a56b54ae358c9cf99823096e34b36795fdba2e17513f0e9539210edd797d",
    "https://deno.land/x/openai@v4.53.0/_shims/mod.ts": "2e253cb26bfa7060bd37e45626e60e4bf3e7b3fb3e0f559fdfdeef94c73f9372",
    "https://deno.land/x/openai@v4.53.0/core.ts": "4d78de4c114f5048120eb34c4e94286e69e9c1453cb03791296e79e0e5713bc2",
    "https://deno.land/x/openai@v4.53.0/error.ts": "a8721373ee2bb58af749b537af4adf320f73b576b9f4263072e98c4a099578ad",
    "https://deno.land/x/openai@v4.53.0/lib/AbstractAssistantStreamRunner.ts": "2e7a0a6c3dc541d8eea15f0c2c6c394a4373458707103c210a4c7d1ddb04f5b7",
    "https://deno.land/x/openai@v4.53.0/lib/AbstractChatCompletionRunner.ts": "04e896780c3ac2a82de55e17823d6fef1e49ea7632d998149986ae45d2eb0c47",
    "https://deno.land/x/openai@v4.53.0/lib/AssistantStream.ts": "00257f487b45d1f0d4edf859da067c0d48e65b1b08400004a54ce572611d0cb2",
    "https://deno.land/x/openai@v4.53.0/lib/ChatCompletionRunner.ts": "0d1cc40d99cd64b7d573ab95f9cb75750f24f9829da91e12573122842985a2d0",
    "https://deno.land/x/openai@v4.53.0/lib/ChatCompletionStream.ts": "e5721b3a8c1edb8442c4ab11db947ae2437c6fc999fc2b53d3b1f4b3c27b3549",
    "https://deno.land/x/openai@v4.53.0/lib/ChatCompletionStreamingRunner.ts": "9bcaae3760dd5f9b54d5d4b2ba79b8731bb3dc79214c26e5d0bbdfe809747dd2",
    "https://deno.land/x/openai@v4.53.0/lib/RunnableFunction.ts": "f45a16776de983da6b65e5748eb2c581b6ea9d3849bda0026f24659cf0be2d2c",
    "https://deno.land/x/openai@v4.53.0/lib/Util.ts": "aa555aecdbba8b0ae2e8a982a6797cabc0942fa0d2e99ce629d243d9032941b8",
    "https://deno.land/x/openai@v4.53.0/lib/chatCompletionUtils.ts": "4991d3e698a54f8e4273eb0f1d73851f7ba549a0a32fabbcd739627677003cb9",
    "https://deno.land/x/openai@v4.53.0/lib/jsonschema.ts": "ed31a7861e19e505c43aa7612579b2739243ee8e8dd47ccb5f8908fa5ff3b5f0",
    "https://deno.land/x/openai@v4.53.0/mod.ts": "e4dc0441bfd7c750dc92f4b5c50b3eb07167484d51f353656ce4604e0ae29f39",
    "https://deno.land/x/openai@v4.53.0/pagination.ts": "02a6737ca6c987cab6effa2788327d022b9e0edc95dd98db0be986383f484e22",
    "https://deno.land/x/openai@v4.53.0/resource.ts": "c496dbda8dc6324d25fcef3d7233310935259d6aa0baf4b0d95039e4913f6380",
    "https://deno.land/x/openai@v4.53.0/resources/audio/audio.ts": "baddf217421e2c09aa67d6977d9d98bc119edb7167ae6fd3e821778d8c702f19",
    "https://deno.land/x/openai@v4.53.0/resources/audio/speech.ts": "5a472cf379bdacc20a4f9f9af1588c948c1cf3eb27858742d7ba56493f18fd67",
    "https://deno.land/x/openai@v4.53.0/resources/audio/transcriptions.ts": "6cbdf36139d4606289ea0724155d25499f6af3531a5f2073e44d3d87718314df",
    "https://deno.land/x/openai@v4.53.0/resources/audio/translations.ts": "329dfbab7c3ae7a9244379735f113008b5cd959e791076a2f26c01bf83ef998e",
    "https://deno.land/x/openai@v4.53.0/resources/batches.ts": "c74d0c40fd748fae60107297a10a62a1a98a646ac2a1b20e9be8499bdceeda57",
    "https://deno.land/x/openai@v4.53.0/resources/beta/assistants.ts": "fef426851227af9b7d504af0e44ff3a6f371dc2f44ce6c742ee4097bcabee981",
    "https://deno.land/x/openai@v4.53.0/resources/beta/beta.ts": "2e4c2ad66515f2ec5a1e3a2ccb6f29425b5a06bf2b8a600efb3e4303e61e516a",
    "https://deno.land/x/openai@v4.53.0/resources/beta/chat/chat.ts": "80dc8786a4b895e9fb152495496f44ac669e95fbb9c2f5a3c0bd379f408b1e1c",
    "https://deno.land/x/openai@v4.53.0/resources/beta/chat/completions.ts": "5e15cb9095f34d2a51e6e79a83dc5a53dc32e9ab99e607ba59732271612ffd19",
    "https://deno.land/x/openai@v4.53.0/resources/beta/threads/messages.ts": "1bc3c64b57179fa2689156379bb6407f1a699ee28bfc1755f5f6826265ac5803",
    "https://deno.land/x/openai@v4.53.0/resources/beta/threads/runs/runs.ts": "bc8cc5cbed02644358ec05073b5637e486b82b74051afbcd56953052a7f2f2e4",
    "https://deno.land/x/openai@v4.53.0/resources/beta/threads/runs/steps.ts": "51d85d9618f79a38d491c56e1aa8d43b943432ee8f41ae726006a4ec7fc25074",
    "https://deno.land/x/openai@v4.53.0/resources/beta/threads/threads.ts": "7d775ae576b45fe70238b33ca2be15b149d3b3b43b0fa32a9ed9079c8ad9cdb9",
    "https://deno.land/x/openai@v4.53.0/resources/beta/vector-stores/file-batches.ts": "b1f53967214c8cec017b20bfa6310061608b3ef278f0fec21b53104b7fe82f91",
    "https://deno.land/x/openai@v4.53.0/resources/beta/vector-stores/files.ts": "d8f8ea175b6ec1524226eade57240e68e234c98ddff12e9c8a2f7f532cb9d89f",
    "https://deno.land/x/openai@v4.53.0/resources/beta/vector-stores/vector-stores.ts": "a3b3e0f7704fbd8ba22c76e401ca4e8375b55cdf5f14460f00f62e8004b41934",
    "https://deno.land/x/openai@v4.53.0/resources/chat/chat.ts": "175eb0092c40450400e5942c3b4661d52a55b1ff1240449a28fc705182505c93",
    "https://deno.land/x/openai@v4.53.0/resources/chat/completions.ts": "6550395bcf8f8fa1b52884d27496ea23119ba4d8c64a771b7c0dc7f52fc44e64",
    "https://deno.land/x/openai@v4.53.0/resources/chat/mod.ts": "533faa7d352b1291cac0200a91e5c638361070285336631a76a0a26debc99d60",
    "https://deno.land/x/openai@v4.53.0/resources/completions.ts": "c8b2569f34b26205b0d9d348e594586d3ead6571caf84920171dd5b7a057322d",
    "https://deno.land/x/openai@v4.53.0/resources/embeddings.ts": "2a28c666fe9c42bb860bdfa1b27c4aae96c548159aa7e7030a384cfbb00a7465",
    "https://deno.land/x/openai@v4.53.0/resources/files.ts": "8b733524f9c3afc5b31646749de92d81679b62a130c9715b3782aa9d30ced00c",
    "https://deno.land/x/openai@v4.53.0/resources/fine-tuning/fine-tuning.ts": "5cb89d96fc6d914ae2d68257a4d08a1f12c140c12b7892a14393177ca9c4ca2b",
    "https://deno.land/x/openai@v4.53.0/resources/fine-tuning/jobs/checkpoints.ts": "d5a62d828186fb54b50ac2aa0f82a8f9b0c66a7ece0728e79e30cf6e19251bdf",
    "https://deno.land/x/openai@v4.53.0/resources/fine-tuning/jobs/jobs.ts": "bbc91853e90d0568624c15755a32220779e086bd9917778b54dcaa104a817413",
    "https://deno.land/x/openai@v4.53.0/resources/images.ts": "21ec14b419819914398f4bc2575608a938a298b77357b0bc17cbdbfb624a2280",
    "https://deno.land/x/openai@v4.53.0/resources/mod.ts": "e077965c210ee091bd88b5ac44269bce163b4f31a48e1c5403320a70ffe356a5",
    "https://deno.land/x/openai@v4.53.0/resources/models.ts": "fc8620e0d93158560be0e941bbb298870c7f85515ec2a411602fb46a1269ea93",
    "https://deno.land/x/openai@v4.53.0/resources/moderations.ts": "828dbc64a89c361299f6d169cf0d04736e22d9caf4e6f44acce58f269caf1118",
    "https://deno.land/x/openai@v4.53.0/resources/shared.ts": "3e8f4151a77d5dbe1e76ac2af061dc49463790adca54ad6e242a21c7c85114ec",
    "https://deno.land/x/openai@v4.53.0/resources/uploads/parts.ts": "261610445bbbacdf913aec27d9084dbdd95c524b5eb74c0a3b9cb650d6135584",
    "https://deno.land/x/openai@v4.53.0/resources/uploads/uploads.ts": "db02e2c94315ad657909bcbf45e2c74c6de8c4b5afba34639ce373c437296cd9",
    "https://deno.land/x/openai@v4.53.0/streaming.ts": "04f85a25d5143758473521223e58003a59cc617fa57755e5a62ba96741cb50ef",
    "https://deno.land/x/openai@v4.53.0/uploads.ts": "33857c766326193dd038ca77382f3b361ef92038a938de312f3f95aa77531a46",
    "https://deno.land/x/openai@v4.53.0/version.ts": "93f94da5905e95a6632efbb8b0f0c56e16ce862de99f1a44f224c0972de3ec98",
    "https://deno.land/x/sift@0.6.0/mod.ts": "d156582201226616af9c27cf93ee06610fc907700dcc09802e3741d2b14042bd",
    "https://esm.sh/e25n@1.1.0": "3c7b1ea551a440008ff63c310d18b52244a2c1223abf98f845bca992b241359e",
    "https://esm.sh/e25n@1.1.0/denonext/e25n.mjs": "f37f0148fb80c012410a77c9def76fee0795a20025c6a627335a69f19e43826a",
    "https://esm.sh/markdown-table@3.0.3": "4db7e25b68fa15343b86afcbb7ab0197c19930c99827d2cc91558447ff29f1ed",
    "https://esm.sh/markdown-table@3.0.3/denonext/markdown-table.mjs": "8722f06a5b719107f3d48de00ed009555a372976372f94a6670a467a13f8e624",
    "https://esm.sh/normalize-strings@1.1.1/denonext/normalize-strings.mjs": "b4e2c27b3e4f8692b1e8d708e7bf8fdee004d029122b8cf00eae77b2ace46888",
    "https://esm.sh/normalize-strings@1.1.1?target=denonext": "bafa7ee963ade5a7299474ef7791ef81cfef6a1f49d05a232d7be4f61bb96ffa",
    "https://esm.sh/number-to-words@1.2.4/denonext/number-to-words.mjs": "2250afc85b234b5f0121fed772b95d1e730422ff2f878f440ad83e5f80b0d6e5",
    "https://esm.sh/number-to-words@1.2.4?target=denonext": "fd2db827daccee87c54897bef70a240eca1bcdb5cd05114512d40d78498db450",
    "https://esm.sh/pluralize@8.0.0/denonext/pluralize.mjs": "b01db1dafd1a67123b3d2dc8c2b8a63ba6efcdbdd016af565cd69f395a776844",
    "https://esm.sh/pluralize@8.0.0?target=denonext": "f5e29b6a1a3bfbc97622cb5fb7b07d5121c0874f080b8a7c8da91b25196ce211",
    "https://esm.sh/preact-render-to-string@5.2.4/deno/preact-render-to-string.mjs": "5336f6c9ddf3eab230bb6941d0b8af593da11fc071802d472a420302a0031880",
    "https://esm.sh/preact-render-to-string@5.2.4?target=deno": "0009f408a73870741bbada82699372da56e39f5ef19d909bdff53bd5a122546b",
    "https://esm.sh/preact@10.10.6/deno/preact.mjs": "faed151e239af5a78b535bbef420f14da067eee75418f2dff3443d7649e879e5",
    "https://esm.sh/preact@10.10.6?target=deno": "79dd3cfa108f7f73fddc1695f66267cd81e536158ca99b58571ea809818516f5",
    "https://esm.sh/preact@10.29.0/deno/preact.mjs": "a8381b8ae6391298439ec004d138a49487e60d232e364abadb59ed39deb50d22",
    "https://esm.sh/preact@10.29.0?target=deno": "06b1f90c82746f5c16990d5fa2700b0fa6b7f923f42c9dd09c49b9db963964fc",
    "https://esm.sh/syllable@5.0.1/denonext/syllable.mjs": "15b2bc020b440a58af0695b089249ec7a3d7527ba5433570bfc876057da38cc6",
    "https://esm.sh/syllable@5.0.1?target=denonext": "22787310043b7a1ad6f9f09d7ab359b115986a2187bf0baaeb6d2a2436cc6b24"
  },
  "workspace": {
    "dependencies": [
      "jsr:@std/assert@^1.0.2",
      "jsr:@std/collections@^1.0.5",
      "jsr:@std/dotenv@0.225",
      "jsr:@std/testing@1"
    ]
  }
}
